// !$*UTF8*$!
{
	archiveVersion = 1;
	classes = {
	};
	objectVersion = 50;
	objects = {

/* Begin PBXBuildFile section */
		1E0E8C37FC79923B335AEEBA /* Pods_CountrySearch.framework in Frameworks */ = {isa = PBXBuildFile; fileRef = 978643109B99C4C04E9385CD /* Pods_CountrySearch.framework */; };
		D37ED2F8633428A5A83418D1 /* Pods_CountrySearchTests.framework in Frameworks */ = {isa = PBXBuildFile; fileRef = C717A4C78FC39A93198F8765 /* Pods_CountrySearchTests.framework */; };
		FA21FE072290C4C00004A64B /* CountryDetailViewController.swift in Sources */ = {isa = PBXBuildFile; fileRef = FA21FE062290C4C00004A64B /* CountryDetailViewController.swift */; };
		FA21FE092290D1550004A64B /* CountryDetailViewModel.swift in Sources */ = {isa = PBXBuildFile; fileRef = FA21FE082290D1550004A64B /* CountryDetailViewModel.swift */; };
		FA5AEF2F2290132C0094D869 /* LocationManager.swift in Sources */ = {isa = PBXBuildFile; fileRef = FA5AEF2E2290132C0094D869 /* LocationManager.swift */; };
		FABAE5E622915CD200D260F0 /* NotificationCenter.framework in Frameworks */ = {isa = PBXBuildFile; fileRef = FABAE5E522915CD200D260F0 /* NotificationCenter.framework */; };
		FABAE5E922915CD200D260F0 /* TodayViewController.swift in Sources */ = {isa = PBXBuildFile; fileRef = FABAE5E822915CD200D260F0 /* TodayViewController.swift */; };
		FABAE5EC22915CD200D260F0 /* MainInterface.storyboard in Resources */ = {isa = PBXBuildFile; fileRef = FABAE5EA22915CD200D260F0 /* MainInterface.storyboard */; };
		FABAE5F022915CD200D260F0 /* CurrentCountry.appex in Embed App Extensions */ = {isa = PBXBuildFile; fileRef = FABAE5E422915CD200D260F0 /* CurrentCountry.appex */; settings = {ATTRIBUTES = (RemoveHeadersOnCopy, ); }; };
		FABAE5FB2291622300D260F0 /* Country.swift in Sources */ = {isa = PBXBuildFile; fileRef = FABAE5FA2291622300D260F0 /* Country.swift */; };
		FABAE5FF2291625700D260F0 /* Currency.swift in Sources */ = {isa = PBXBuildFile; fileRef = FABAE5FC2291625700D260F0 /* Currency.swift */; };
		FABAE6002291625700D260F0 /* RegionalBloc.swift in Sources */ = {isa = PBXBuildFile; fileRef = FABAE5FD2291625700D260F0 /* RegionalBloc.swift */; };
		FABAE6012291625700D260F0 /* Language.swift in Sources */ = {isa = PBXBuildFile; fileRef = FABAE5FE2291625700D260F0 /* Language.swift */; };
		FAC275A12286FE8B00DC1BFB /* AppDelegate.swift in Sources */ = {isa = PBXBuildFile; fileRef = FAC275A02286FE8B00DC1BFB /* AppDelegate.swift */; };
		FAC275A32286FE8B00DC1BFB /* CountrySearchViewController.swift in Sources */ = {isa = PBXBuildFile; fileRef = FAC275A22286FE8B00DC1BFB /* CountrySearchViewController.swift */; };
		FAC275A62286FE8B00DC1BFB /* Main.storyboard in Resources */ = {isa = PBXBuildFile; fileRef = FAC275A42286FE8B00DC1BFB /* Main.storyboard */; };
		FAC275A82286FE8C00DC1BFB /* Assets.xcassets in Resources */ = {isa = PBXBuildFile; fileRef = FAC275A72286FE8C00DC1BFB /* Assets.xcassets */; };
		FAC275AB2286FE8C00DC1BFB /* LaunchScreen.storyboard in Resources */ = {isa = PBXBuildFile; fileRef = FAC275A92286FE8C00DC1BFB /* LaunchScreen.storyboard */; };
		FAC275B62286FE8C00DC1BFB /* CountrySearchTests.swift in Sources */ = {isa = PBXBuildFile; fileRef = FAC275B52286FE8C00DC1BFB /* CountrySearchTests.swift */; };
		FAC275C52287064500DC1BFB /* CountryViewCell.swift in Sources */ = {isa = PBXBuildFile; fileRef = FAC275C32287064500DC1BFB /* CountryViewCell.swift */; };
		FAC275C62287064500DC1BFB /* CountryViewCell.xib in Resources */ = {isa = PBXBuildFile; fileRef = FAC275C42287064500DC1BFB /* CountryViewCell.xib */; };
		FAC275CB22870CBE00DC1BFB /* Language.swift in Sources */ = {isa = PBXBuildFile; fileRef = FAC275C722870CBE00DC1BFB /* Language.swift */; };
		FAC275CC22870CBE00DC1BFB /* RegionalBloc.swift in Sources */ = {isa = PBXBuildFile; fileRef = FAC275C822870CBE00DC1BFB /* RegionalBloc.swift */; };
		FAC275CD22870CBE00DC1BFB /* Currency.swift in Sources */ = {isa = PBXBuildFile; fileRef = FAC275C922870CBE00DC1BFB /* Currency.swift */; };
		FAC275CE22870CBE00DC1BFB /* Country.swift in Sources */ = {isa = PBXBuildFile; fileRef = FAC275CA22870CBE00DC1BFB /* Country.swift */; };
		FAC275DF22870D7400DC1BFB /* ParameterEncoding.swift in Sources */ = {isa = PBXBuildFile; fileRef = FAC275D222870D7400DC1BFB /* ParameterEncoding.swift */; };
		FAC275E022870D7400DC1BFB /* URLParameterEncoding.swift in Sources */ = {isa = PBXBuildFile; fileRef = FAC275D322870D7400DC1BFB /* URLParameterEncoding.swift */; };
		FAC275E122870D7400DC1BFB /* JSONParameterEncoder.swift in Sources */ = {isa = PBXBuildFile; fileRef = FAC275D422870D7400DC1BFB /* JSONParameterEncoder.swift */; };
		FAC275E222870D7400DC1BFB /* NetworkManager.swift in Sources */ = {isa = PBXBuildFile; fileRef = FAC275D622870D7400DC1BFB /* NetworkManager.swift */; };
		FAC275E322870D7400DC1BFB /* RESTCountriesAPIEndPoint.swift in Sources */ = {isa = PBXBuildFile; fileRef = FAC275D822870D7400DC1BFB /* RESTCountriesAPIEndPoint.swift */; };
		FAC275E422870D7400DC1BFB /* HTTPTask.swift in Sources */ = {isa = PBXBuildFile; fileRef = FAC275DA22870D7400DC1BFB /* HTTPTask.swift */; };
		FAC275E522870D7400DC1BFB /* HTTPMethod.swift in Sources */ = {isa = PBXBuildFile; fileRef = FAC275DB22870D7400DC1BFB /* HTTPMethod.swift */; };
		FAC275E622870D7400DC1BFB /* Router.swift in Sources */ = {isa = PBXBuildFile; fileRef = FAC275DC22870D7400DC1BFB /* Router.swift */; };
		FAC275E722870D7400DC1BFB /* NetworkLogger.swift in Sources */ = {isa = PBXBuildFile; fileRef = FAC275DD22870D7400DC1BFB /* NetworkLogger.swift */; };
		FAC275E822870D7400DC1BFB /* EndPointType.swift in Sources */ = {isa = PBXBuildFile; fileRef = FAC275DE22870D7400DC1BFB /* EndPointType.swift */; };
		FAE7286E22885D0500465E70 /* CountrySearchVIewModel.swift in Sources */ = {isa = PBXBuildFile; fileRef = FAE7286D22885D0500465E70 /* CountrySearchVIewModel.swift */; };
		FAE728702288684D00465E70 /* CountryCellViewModel.swift in Sources */ = {isa = PBXBuildFile; fileRef = FAE7286F2288684D00465E70 /* CountryCellViewModel.swift */; };
		FAE7287322886E9500465E70 /* Dynamic.swift in Sources */ = {isa = PBXBuildFile; fileRef = FAE7287222886E9500465E70 /* Dynamic.swift */; };
/* End PBXBuildFile section */

/* Begin PBXContainerItemProxy section */
		FABAE5EE22915CD200D260F0 /* PBXContainerItemProxy */ = {
			isa = PBXContainerItemProxy;
			containerPortal = FAC275952286FE8B00DC1BFB /* Project object */;
			proxyType = 1;
			remoteGlobalIDString = FABAE5E322915CD200D260F0;
			remoteInfo = CurrentCountry;
		};
		FAC275B22286FE8C00DC1BFB /* PBXContainerItemProxy */ = {
			isa = PBXContainerItemProxy;
			containerPortal = FAC275952286FE8B00DC1BFB /* Project object */;
			proxyType = 1;
			remoteGlobalIDString = FAC2759C2286FE8B00DC1BFB;
			remoteInfo = CountrySearch;
		};
/* End PBXContainerItemProxy section */

/* Begin PBXCopyFilesBuildPhase section */
		FABAE5F422915CD200D260F0 /* Embed App Extensions */ = {
			isa = PBXCopyFilesBuildPhase;
			buildActionMask = 2147483647;
			dstPath = "";
			dstSubfolderSpec = 13;
			files = (
				FABAE5F022915CD200D260F0 /* CurrentCountry.appex in Embed App Extensions */,
			);
			name = "Embed App Extensions";
			runOnlyForDeploymentPostprocessing = 0;
		};
/* End PBXCopyFilesBuildPhase section */

/* Begin PBXFileReference section */
		4E674EE2BC2CE9099A98A798 /* Pods-CountrySearchTests.release.xcconfig */ = {isa = PBXFileReference; includeInIndex = 1; lastKnownFileType = text.xcconfig; name = "Pods-CountrySearchTests.release.xcconfig"; path = "Target Support Files/Pods-CountrySearchTests/Pods-CountrySearchTests.release.xcconfig"; sourceTree = "<group>"; };
		978643109B99C4C04E9385CD /* Pods_CountrySearch.framework */ = {isa = PBXFileReference; explicitFileType = wrapper.framework; includeInIndex = 0; path = Pods_CountrySearch.framework; sourceTree = BUILT_PRODUCTS_DIR; };
		A84C855F2CF9223A524D45EA /* Pods-CountrySearch.release.xcconfig */ = {isa = PBXFileReference; includeInIndex = 1; lastKnownFileType = text.xcconfig; name = "Pods-CountrySearch.release.xcconfig"; path = "Target Support Files/Pods-CountrySearch/Pods-CountrySearch.release.xcconfig"; sourceTree = "<group>"; };
		BB10A2E61B91511C70CF6D87 /* Pods-CountrySearch.debug.xcconfig */ = {isa = PBXFileReference; includeInIndex = 1; lastKnownFileType = text.xcconfig; name = "Pods-CountrySearch.debug.xcconfig"; path = "Target Support Files/Pods-CountrySearch/Pods-CountrySearch.debug.xcconfig"; sourceTree = "<group>"; };
		C717A4C78FC39A93198F8765 /* Pods_CountrySearchTests.framework */ = {isa = PBXFileReference; explicitFileType = wrapper.framework; includeInIndex = 0; path = Pods_CountrySearchTests.framework; sourceTree = BUILT_PRODUCTS_DIR; };
		C7FA930DB3F0C09D948814E5 /* Pods-CountrySearchTests.debug.xcconfig */ = {isa = PBXFileReference; includeInIndex = 1; lastKnownFileType = text.xcconfig; name = "Pods-CountrySearchTests.debug.xcconfig"; path = "Target Support Files/Pods-CountrySearchTests/Pods-CountrySearchTests.debug.xcconfig"; sourceTree = "<group>"; };
		FA21FE062290C4C00004A64B /* CountryDetailViewController.swift */ = {isa = PBXFileReference; lastKnownFileType = sourcecode.swift; path = CountryDetailViewController.swift; sourceTree = "<group>"; };
		FA21FE082290D1550004A64B /* CountryDetailViewModel.swift */ = {isa = PBXFileReference; lastKnownFileType = sourcecode.swift; path = CountryDetailViewModel.swift; sourceTree = "<group>"; };
		FA5AEF2E2290132C0094D869 /* LocationManager.swift */ = {isa = PBXFileReference; fileEncoding = 4; lastKnownFileType = sourcecode.swift; path = LocationManager.swift; sourceTree = "<group>"; };
		FABAE5E422915CD200D260F0 /* CurrentCountry.appex */ = {isa = PBXFileReference; explicitFileType = "wrapper.app-extension"; includeInIndex = 0; path = CurrentCountry.appex; sourceTree = BUILT_PRODUCTS_DIR; };
		FABAE5E522915CD200D260F0 /* NotificationCenter.framework */ = {isa = PBXFileReference; lastKnownFileType = wrapper.framework; name = NotificationCenter.framework; path = System/Library/Frameworks/NotificationCenter.framework; sourceTree = SDKROOT; };
		FABAE5E822915CD200D260F0 /* TodayViewController.swift */ = {isa = PBXFileReference; lastKnownFileType = sourcecode.swift; path = TodayViewController.swift; sourceTree = "<group>"; };
		FABAE5EB22915CD200D260F0 /* Base */ = {isa = PBXFileReference; lastKnownFileType = file.storyboard; name = Base; path = Base.lproj/MainInterface.storyboard; sourceTree = "<group>"; };
		FABAE5ED22915CD200D260F0 /* Info.plist */ = {isa = PBXFileReference; lastKnownFileType = text.plist.xml; path = Info.plist; sourceTree = "<group>"; };
		FABAE5F522915FAB00D260F0 /* CurrentCountry.entitlements */ = {isa = PBXFileReference; lastKnownFileType = text.plist.entitlements; path = CurrentCountry.entitlements; sourceTree = "<group>"; };
		FABAE5F62291601900D260F0 /* CountrySearch.entitlements */ = {isa = PBXFileReference; lastKnownFileType = text.plist.entitlements; path = CountrySearch.entitlements; sourceTree = "<group>"; };
		FABAE5FA2291622300D260F0 /* Country.swift */ = {isa = PBXFileReference; fileEncoding = 4; lastKnownFileType = sourcecode.swift; path = Country.swift; sourceTree = "<group>"; };
		FABAE5FC2291625700D260F0 /* Currency.swift */ = {isa = PBXFileReference; fileEncoding = 4; lastKnownFileType = sourcecode.swift; path = Currency.swift; sourceTree = "<group>"; };
		FABAE5FD2291625700D260F0 /* RegionalBloc.swift */ = {isa = PBXFileReference; fileEncoding = 4; lastKnownFileType = sourcecode.swift; path = RegionalBloc.swift; sourceTree = "<group>"; };
		FABAE5FE2291625700D260F0 /* Language.swift */ = {isa = PBXFileReference; fileEncoding = 4; lastKnownFileType = sourcecode.swift; path = Language.swift; sourceTree = "<group>"; };
		FAC2759D2286FE8B00DC1BFB /* CountrySearch.app */ = {isa = PBXFileReference; explicitFileType = wrapper.application; includeInIndex = 0; path = CountrySearch.app; sourceTree = BUILT_PRODUCTS_DIR; };
		FAC275A02286FE8B00DC1BFB /* AppDelegate.swift */ = {isa = PBXFileReference; lastKnownFileType = sourcecode.swift; path = AppDelegate.swift; sourceTree = "<group>"; };
		FAC275A22286FE8B00DC1BFB /* CountrySearchViewController.swift */ = {isa = PBXFileReference; lastKnownFileType = sourcecode.swift; path = CountrySearchViewController.swift; sourceTree = "<group>"; };
		FAC275A52286FE8B00DC1BFB /* Base */ = {isa = PBXFileReference; lastKnownFileType = file.storyboard; name = Base; path = Base.lproj/Main.storyboard; sourceTree = "<group>"; };
		FAC275A72286FE8C00DC1BFB /* Assets.xcassets */ = {isa = PBXFileReference; lastKnownFileType = folder.assetcatalog; path = Assets.xcassets; sourceTree = "<group>"; };
		FAC275AA2286FE8C00DC1BFB /* Base */ = {isa = PBXFileReference; lastKnownFileType = file.storyboard; name = Base; path = Base.lproj/LaunchScreen.storyboard; sourceTree = "<group>"; };
		FAC275AC2286FE8C00DC1BFB /* Info.plist */ = {isa = PBXFileReference; lastKnownFileType = text.plist.xml; path = Info.plist; sourceTree = "<group>"; };
		FAC275B12286FE8C00DC1BFB /* CountrySearchTests.xctest */ = {isa = PBXFileReference; explicitFileType = wrapper.cfbundle; includeInIndex = 0; path = CountrySearchTests.xctest; sourceTree = BUILT_PRODUCTS_DIR; };
		FAC275B52286FE8C00DC1BFB /* CountrySearchTests.swift */ = {isa = PBXFileReference; lastKnownFileType = sourcecode.swift; path = CountrySearchTests.swift; sourceTree = "<group>"; };
		FAC275B72286FE8C00DC1BFB /* Info.plist */ = {isa = PBXFileReference; lastKnownFileType = text.plist.xml; path = Info.plist; sourceTree = "<group>"; };
		FAC275C32287064500DC1BFB /* CountryViewCell.swift */ = {isa = PBXFileReference; lastKnownFileType = sourcecode.swift; path = CountryViewCell.swift; sourceTree = "<group>"; };
		FAC275C42287064500DC1BFB /* CountryViewCell.xib */ = {isa = PBXFileReference; lastKnownFileType = file.xib; path = CountryViewCell.xib; sourceTree = "<group>"; };
		FAC275C722870CBE00DC1BFB /* Language.swift */ = {isa = PBXFileReference; fileEncoding = 4; lastKnownFileType = sourcecode.swift; path = Language.swift; sourceTree = "<group>"; };
		FAC275C822870CBE00DC1BFB /* RegionalBloc.swift */ = {isa = PBXFileReference; fileEncoding = 4; lastKnownFileType = sourcecode.swift; path = RegionalBloc.swift; sourceTree = "<group>"; };
		FAC275C922870CBE00DC1BFB /* Currency.swift */ = {isa = PBXFileReference; fileEncoding = 4; lastKnownFileType = sourcecode.swift; path = Currency.swift; sourceTree = "<group>"; };
		FAC275CA22870CBE00DC1BFB /* Country.swift */ = {isa = PBXFileReference; fileEncoding = 4; lastKnownFileType = sourcecode.swift; path = Country.swift; sourceTree = "<group>"; };
		FAC275D222870D7400DC1BFB /* ParameterEncoding.swift */ = {isa = PBXFileReference; fileEncoding = 4; lastKnownFileType = sourcecode.swift; path = ParameterEncoding.swift; sourceTree = "<group>"; };
		FAC275D322870D7400DC1BFB /* URLParameterEncoding.swift */ = {isa = PBXFileReference; fileEncoding = 4; lastKnownFileType = sourcecode.swift; path = URLParameterEncoding.swift; sourceTree = "<group>"; };
		FAC275D422870D7400DC1BFB /* JSONParameterEncoder.swift */ = {isa = PBXFileReference; fileEncoding = 4; lastKnownFileType = sourcecode.swift; path = JSONParameterEncoder.swift; sourceTree = "<group>"; };
		FAC275D622870D7400DC1BFB /* NetworkManager.swift */ = {isa = PBXFileReference; fileEncoding = 4; lastKnownFileType = sourcecode.swift; path = NetworkManager.swift; sourceTree = "<group>"; };
		FAC275D822870D7400DC1BFB /* RESTCountriesAPIEndPoint.swift */ = {isa = PBXFileReference; fileEncoding = 4; lastKnownFileType = sourcecode.swift; path = RESTCountriesAPIEndPoint.swift; sourceTree = "<group>"; };
		FAC275DA22870D7400DC1BFB /* HTTPTask.swift */ = {isa = PBXFileReference; fileEncoding = 4; lastKnownFileType = sourcecode.swift; path = HTTPTask.swift; sourceTree = "<group>"; };
		FAC275DB22870D7400DC1BFB /* HTTPMethod.swift */ = {isa = PBXFileReference; fileEncoding = 4; lastKnownFileType = sourcecode.swift; path = HTTPMethod.swift; sourceTree = "<group>"; };
		FAC275DC22870D7400DC1BFB /* Router.swift */ = {isa = PBXFileReference; fileEncoding = 4; lastKnownFileType = sourcecode.swift; path = Router.swift; sourceTree = "<group>"; };
		FAC275DD22870D7400DC1BFB /* NetworkLogger.swift */ = {isa = PBXFileReference; fileEncoding = 4; lastKnownFileType = sourcecode.swift; path = NetworkLogger.swift; sourceTree = "<group>"; };
		FAC275DE22870D7400DC1BFB /* EndPointType.swift */ = {isa = PBXFileReference; fileEncoding = 4; lastKnownFileType = sourcecode.swift; path = EndPointType.swift; sourceTree = "<group>"; };
		FAE7286D22885D0500465E70 /* CountrySearchVIewModel.swift */ = {isa = PBXFileReference; lastKnownFileType = sourcecode.swift; path = CountrySearchVIewModel.swift; sourceTree = "<group>"; };
		FAE7286F2288684D00465E70 /* CountryCellViewModel.swift */ = {isa = PBXFileReference; lastKnownFileType = sourcecode.swift; path = CountryCellViewModel.swift; sourceTree = "<group>"; };
		FAE7287222886E9500465E70 /* Dynamic.swift */ = {isa = PBXFileReference; fileEncoding = 4; lastKnownFileType = sourcecode.swift; path = Dynamic.swift; sourceTree = "<group>"; };
/* End PBXFileReference section */

/* Begin PBXFrameworksBuildPhase section */
		FABAE5E122915CD200D260F0 /* Frameworks */ = {
			isa = PBXFrameworksBuildPhase;
			buildActionMask = 2147483647;
			files = (
				FABAE5E622915CD200D260F0 /* NotificationCenter.framework in Frameworks */,
			);
			runOnlyForDeploymentPostprocessing = 0;
		};
		FAC2759A2286FE8B00DC1BFB /* Frameworks */ = {
			isa = PBXFrameworksBuildPhase;
			buildActionMask = 2147483647;
			files = (
				1E0E8C37FC79923B335AEEBA /* Pods_CountrySearch.framework in Frameworks */,
			);
			runOnlyForDeploymentPostprocessing = 0;
		};
		FAC275AE2286FE8C00DC1BFB /* Frameworks */ = {
			isa = PBXFrameworksBuildPhase;
			buildActionMask = 2147483647;
			files = (
				D37ED2F8633428A5A83418D1 /* Pods_CountrySearchTests.framework in Frameworks */,
			);
			runOnlyForDeploymentPostprocessing = 0;
		};
/* End PBXFrameworksBuildPhase section */

/* Begin PBXGroup section */
		4B6D71B6F95593EED7A901F2 /* Pods */ = {
			isa = PBXGroup;
			children = (
				BB10A2E61B91511C70CF6D87 /* Pods-CountrySearch.debug.xcconfig */,
				A84C855F2CF9223A524D45EA /* Pods-CountrySearch.release.xcconfig */,
				C7FA930DB3F0C09D948814E5 /* Pods-CountrySearchTests.debug.xcconfig */,
				4E674EE2BC2CE9099A98A798 /* Pods-CountrySearchTests.release.xcconfig */,
			);
			path = Pods;
			sourceTree = "<group>";
		};
		BAE28E1197775BC8A8CF7BD6 /* Frameworks */ = {
			isa = PBXGroup;
			children = (
				978643109B99C4C04E9385CD /* Pods_CountrySearch.framework */,
				C717A4C78FC39A93198F8765 /* Pods_CountrySearchTests.framework */,
				FABAE5E522915CD200D260F0 /* NotificationCenter.framework */,
			);
			name = Frameworks;
			sourceTree = "<group>";
		};
		FABAE5E722915CD200D260F0 /* CurrentCountry */ = {
			isa = PBXGroup;
			children = (
				FABAE5F7229161B600D260F0 /* Model */,
				FABAE5F9229161C800D260F0 /* View */,
				FABAE5F8229161BF00D260F0 /* ViewModel */,
				FABAE5F522915FAB00D260F0 /* CurrentCountry.entitlements */,
				FABAE5EA22915CD200D260F0 /* MainInterface.storyboard */,
				FABAE5ED22915CD200D260F0 /* Info.plist */,
			);
			path = CurrentCountry;
			sourceTree = "<group>";
		};
		FABAE5F7229161B600D260F0 /* Model */ = {
			isa = PBXGroup;
			children = (
				FABAE5FA2291622300D260F0 /* Country.swift */,
				FABAE5FC2291625700D260F0 /* Currency.swift */,
				FABAE5FE2291625700D260F0 /* Language.swift */,
				FABAE5FD2291625700D260F0 /* RegionalBloc.swift */,
			);
			path = Model;
			sourceTree = "<group>";
		};
		FABAE5F8229161BF00D260F0 /* ViewModel */ = {
			isa = PBXGroup;
			children = (
			);
			path = ViewModel;
			sourceTree = "<group>";
		};
		FABAE5F9229161C800D260F0 /* View */ = {
			isa = PBXGroup;
			children = (
				FABAE5E822915CD200D260F0 /* TodayViewController.swift */,
			);
			path = View;
			sourceTree = "<group>";
		};
		FAC275942286FE8B00DC1BFB = {
			isa = PBXGroup;
			children = (
				FAC2759F2286FE8B00DC1BFB /* CountrySearch */,
				FAC275B42286FE8C00DC1BFB /* CountrySearchTests */,
				FABAE5E722915CD200D260F0 /* CurrentCountry */,
				FAC2759E2286FE8B00DC1BFB /* Products */,
				4B6D71B6F95593EED7A901F2 /* Pods */,
				BAE28E1197775BC8A8CF7BD6 /* Frameworks */,
			);
			sourceTree = "<group>";
		};
		FAC2759E2286FE8B00DC1BFB /* Products */ = {
			isa = PBXGroup;
			children = (
				FAC2759D2286FE8B00DC1BFB /* CountrySearch.app */,
				FAC275B12286FE8C00DC1BFB /* CountrySearchTests.xctest */,
				FABAE5E422915CD200D260F0 /* CurrentCountry.appex */,
			);
			name = Products;
			sourceTree = "<group>";
		};
		FAC2759F2286FE8B00DC1BFB /* CountrySearch */ = {
			isa = PBXGroup;
			children = (
				FABAE5F62291601900D260F0 /* CountrySearch.entitlements */,
				FAE7287122886E3C00465E70 /* Helper */,
				FAC275CF22870D4600DC1BFB /* Service */,
				FAC275C22286FEC700DC1BFB /* Model */,
				FAC275C12286FEC400DC1BFB /* View */,
				FAC275C02286FEC000DC1BFB /* ViewModel */,
				FAC275A02286FE8B00DC1BFB /* AppDelegate.swift */,
				FAC275A42286FE8B00DC1BFB /* Main.storyboard */,
				FAC275A72286FE8C00DC1BFB /* Assets.xcassets */,
				FAC275A92286FE8C00DC1BFB /* LaunchScreen.storyboard */,
				FAC275AC2286FE8C00DC1BFB /* Info.plist */,
			);
			path = CountrySearch;
			sourceTree = "<group>";
		};
		FAC275B42286FE8C00DC1BFB /* CountrySearchTests */ = {
			isa = PBXGroup;
			children = (
				FAC275B52286FE8C00DC1BFB /* CountrySearchTests.swift */,
				FAC275B72286FE8C00DC1BFB /* Info.plist */,
			);
			path = CountrySearchTests;
			sourceTree = "<group>";
		};
		FAC275C02286FEC000DC1BFB /* ViewModel */ = {
			isa = PBXGroup;
			children = (
				FAE7286D22885D0500465E70 /* CountrySearchVIewModel.swift */,
				FAE7286F2288684D00465E70 /* CountryCellViewModel.swift */,
				FA21FE082290D1550004A64B /* CountryDetailViewModel.swift */,
			);
			path = ViewModel;
			sourceTree = "<group>";
		};
		FAC275C12286FEC400DC1BFB /* View */ = {
			isa = PBXGroup;
			children = (
				FAC275A22286FE8B00DC1BFB /* CountrySearchViewController.swift */,
				FAC275C32287064500DC1BFB /* CountryViewCell.swift */,
				FAC275C42287064500DC1BFB /* CountryViewCell.xib */,
				FA21FE062290C4C00004A64B /* CountryDetailViewController.swift */,
			);
			path = View;
			sourceTree = "<group>";
		};
		FAC275C22286FEC700DC1BFB /* Model */ = {
			isa = PBXGroup;
			children = (
				FAC275CA22870CBE00DC1BFB /* Country.swift */,
				FAC275C922870CBE00DC1BFB /* Currency.swift */,
				FAC275C722870CBE00DC1BFB /* Language.swift */,
				FAC275C822870CBE00DC1BFB /* RegionalBloc.swift */,
			);
			path = Model;
			sourceTree = "<group>";
		};
		FAC275CF22870D4600DC1BFB /* Service */ = {
			isa = PBXGroup;
			children = (
				FAC275D022870D7400DC1BFB /* Networking */,
				FA5AEF2E2290132C0094D869 /* LocationManager.swift */,
			);
			path = Service;
			sourceTree = "<group>";
		};
		FAC275D022870D7400DC1BFB /* Networking */ = {
			isa = PBXGroup;
			children = (
				FAC275D122870D7400DC1BFB /* Encoding */,
				FAC275D522870D7400DC1BFB /* Manager */,
				FAC275D722870D7400DC1BFB /* EndPoint */,
				FAC275D922870D7400DC1BFB /* Service */,
			);
			path = Networking;
			sourceTree = "<group>";
		};
		FAC275D122870D7400DC1BFB /* Encoding */ = {
			isa = PBXGroup;
			children = (
				FAC275D222870D7400DC1BFB /* ParameterEncoding.swift */,
				FAC275D322870D7400DC1BFB /* URLParameterEncoding.swift */,
				FAC275D422870D7400DC1BFB /* JSONParameterEncoder.swift */,
			);
			path = Encoding;
			sourceTree = "<group>";
		};
		FAC275D522870D7400DC1BFB /* Manager */ = {
			isa = PBXGroup;
			children = (
				FAC275D622870D7400DC1BFB /* NetworkManager.swift */,
			);
			path = Manager;
			sourceTree = "<group>";
		};
		FAC275D722870D7400DC1BFB /* EndPoint */ = {
			isa = PBXGroup;
			children = (
				FAC275D822870D7400DC1BFB /* RESTCountriesAPIEndPoint.swift */,
			);
			path = EndPoint;
			sourceTree = "<group>";
		};
		FAC275D922870D7400DC1BFB /* Service */ = {
			isa = PBXGroup;
			children = (
				FAC275DA22870D7400DC1BFB /* HTTPTask.swift */,
				FAC275DB22870D7400DC1BFB /* HTTPMethod.swift */,
				FAC275DC22870D7400DC1BFB /* Router.swift */,
				FAC275DD22870D7400DC1BFB /* NetworkLogger.swift */,
				FAC275DE22870D7400DC1BFB /* EndPointType.swift */,
			);
			path = Service;
			sourceTree = "<group>";
		};
		FAE7287122886E3C00465E70 /* Helper */ = {
			isa = PBXGroup;
			children = (
				FAE7287222886E9500465E70 /* Dynamic.swift */,
			);
			path = Helper;
			sourceTree = "<group>";
		};
/* End PBXGroup section */

/* Begin PBXNativeTarget section */
		FABAE5E322915CD200D260F0 /* CurrentCountry */ = {
			isa = PBXNativeTarget;
			buildConfigurationList = FABAE5F322915CD200D260F0 /* Build configuration list for PBXNativeTarget "CurrentCountry" */;
			buildPhases = (
				FABAE5E022915CD200D260F0 /* Sources */,
				FABAE5E122915CD200D260F0 /* Frameworks */,
				FABAE5E222915CD200D260F0 /* Resources */,
			);
			buildRules = (
			);
			dependencies = (
			);
			name = CurrentCountry;
			productName = CurrentCountry;
			productReference = FABAE5E422915CD200D260F0 /* CurrentCountry.appex */;
			productType = "com.apple.product-type.app-extension";
		};
		FAC2759C2286FE8B00DC1BFB /* CountrySearch */ = {
			isa = PBXNativeTarget;
			buildConfigurationList = FAC275BA2286FE8C00DC1BFB /* Build configuration list for PBXNativeTarget "CountrySearch" */;
			buildPhases = (
				4A6E6F0CA7982426A506FDC2 /* [CP] Check Pods Manifest.lock */,
				FAC275992286FE8B00DC1BFB /* Sources */,
				FAC2759A2286FE8B00DC1BFB /* Frameworks */,
				FAC2759B2286FE8B00DC1BFB /* Resources */,
				4BDBCDC87BFD9E95D7A6880D /* [CP] Embed Pods Frameworks */,
				FABAE5F422915CD200D260F0 /* Embed App Extensions */,
			);
			buildRules = (
			);
			dependencies = (
				FABAE5EF22915CD200D260F0 /* PBXTargetDependency */,
			);
			name = CountrySearch;
			productName = CountrySearch;
			productReference = FAC2759D2286FE8B00DC1BFB /* CountrySearch.app */;
			productType = "com.apple.product-type.application";
		};
		FAC275B02286FE8C00DC1BFB /* CountrySearchTests */ = {
			isa = PBXNativeTarget;
			buildConfigurationList = FAC275BD2286FE8C00DC1BFB /* Build configuration list for PBXNativeTarget "CountrySearchTests" */;
			buildPhases = (
				A07B276F34DEADC6F3F10442 /* [CP] Check Pods Manifest.lock */,
				FAC275AD2286FE8C00DC1BFB /* Sources */,
				FAC275AE2286FE8C00DC1BFB /* Frameworks */,
				FAC275AF2286FE8C00DC1BFB /* Resources */,
			);
			buildRules = (
			);
			dependencies = (
				FAC275B32286FE8C00DC1BFB /* PBXTargetDependency */,
			);
			name = CountrySearchTests;
			productName = CountrySearchTests;
			productReference = FAC275B12286FE8C00DC1BFB /* CountrySearchTests.xctest */;
			productType = "com.apple.product-type.bundle.unit-test";
		};
/* End PBXNativeTarget section */

/* Begin PBXProject section */
		FAC275952286FE8B00DC1BFB /* Project object */ = {
			isa = PBXProject;
			attributes = {
				LastSwiftUpdateCheck = 1020;
				LastUpgradeCheck = 1020;
				ORGANIZATIONNAME = Christian;
				TargetAttributes = {
					FABAE5E322915CD200D260F0 = {
						CreatedOnToolsVersion = 10.2;
						SystemCapabilities = {
							com.apple.ApplicationGroups.iOS = {
								enabled = 1;
							};
						};
					};
					FAC2759C2286FE8B00DC1BFB = {
						CreatedOnToolsVersion = 10.2;
						SystemCapabilities = {
							com.apple.ApplicationGroups.iOS = {
								enabled = 1;
							};
						};
					};
					FAC275B02286FE8C00DC1BFB = {
						CreatedOnToolsVersion = 10.2;
						TestTargetID = FAC2759C2286FE8B00DC1BFB;
					};
				};
			};
			buildConfigurationList = FAC275982286FE8B00DC1BFB /* Build configuration list for PBXProject "CountrySearch" */;
			compatibilityVersion = "Xcode 9.3";
			developmentRegion = en;
			hasScannedForEncodings = 0;
			knownRegions = (
				en,
				Base,
			);
			mainGroup = FAC275942286FE8B00DC1BFB;
			productRefGroup = FAC2759E2286FE8B00DC1BFB /* Products */;
			projectDirPath = "";
			projectRoot = "";
			targets = (
				FAC2759C2286FE8B00DC1BFB /* CountrySearch */,
				FAC275B02286FE8C00DC1BFB /* CountrySearchTests */,
				FABAE5E322915CD200D260F0 /* CurrentCountry */,
			);
		};
/* End PBXProject section */

/* Begin PBXResourcesBuildPhase section */
		FABAE5E222915CD200D260F0 /* Resources */ = {
			isa = PBXResourcesBuildPhase;
			buildActionMask = 2147483647;
			files = (
				FABAE5EC22915CD200D260F0 /* MainInterface.storyboard in Resources */,
			);
			runOnlyForDeploymentPostprocessing = 0;
		};
		FAC2759B2286FE8B00DC1BFB /* Resources */ = {
			isa = PBXResourcesBuildPhase;
			buildActionMask = 2147483647;
			files = (
				FAC275AB2286FE8C00DC1BFB /* LaunchScreen.storyboard in Resources */,
				FAC275A82286FE8C00DC1BFB /* Assets.xcassets in Resources */,
				FAC275A62286FE8B00DC1BFB /* Main.storyboard in Resources */,
				FAC275C62287064500DC1BFB /* CountryViewCell.xib in Resources */,
			);
			runOnlyForDeploymentPostprocessing = 0;
		};
		FAC275AF2286FE8C00DC1BFB /* Resources */ = {
			isa = PBXResourcesBuildPhase;
			buildActionMask = 2147483647;
			files = (
			);
			runOnlyForDeploymentPostprocessing = 0;
		};
/* End PBXResourcesBuildPhase section */

/* Begin PBXShellScriptBuildPhase section */
		4A6E6F0CA7982426A506FDC2 /* [CP] Check Pods Manifest.lock */ = {
			isa = PBXShellScriptBuildPhase;
			buildActionMask = 2147483647;
			files = (
			);
			inputFileListPaths = (
			);
			inputPaths = (
				"${PODS_PODFILE_DIR_PATH}/Podfile.lock",
				"${PODS_ROOT}/Manifest.lock",
			);
			name = "[CP] Check Pods Manifest.lock";
			outputFileListPaths = (
			);
			outputPaths = (
				"$(DERIVED_FILE_DIR)/Pods-CountrySearch-checkManifestLockResult.txt",
			);
			runOnlyForDeploymentPostprocessing = 0;
			shellPath = /bin/sh;
			shellScript = "diff \"${PODS_PODFILE_DIR_PATH}/Podfile.lock\" \"${PODS_ROOT}/Manifest.lock\" > /dev/null\nif [ $? != 0 ] ; then\n    # print error to STDERR\n    echo \"error: The sandbox is not in sync with the Podfile.lock. Run 'pod install' or update your CocoaPods installation.\" >&2\n    exit 1\nfi\n# This output is used by Xcode 'outputs' to avoid re-running this script phase.\necho \"SUCCESS\" > \"${SCRIPT_OUTPUT_FILE_0}\"\n";
			showEnvVarsInLog = 0;
		};
		4BDBCDC87BFD9E95D7A6880D /* [CP] Embed Pods Frameworks */ = {
			isa = PBXShellScriptBuildPhase;
			buildActionMask = 2147483647;
			files = (
			);
			inputFileListPaths = (
			);
			inputPaths = (
				"${PODS_ROOT}/Target Support Files/Pods-CountrySearch/Pods-CountrySearch-frameworks.sh",
				"${BUILT_PRODUCTS_DIR}/Kingfisher/Kingfisher.framework",
			);
			name = "[CP] Embed Pods Frameworks";
			outputFileListPaths = (
			);
			outputPaths = (
				"${TARGET_BUILD_DIR}/${FRAMEWORKS_FOLDER_PATH}/Kingfisher.framework",
			);
			runOnlyForDeploymentPostprocessing = 0;
			shellPath = /bin/sh;
			shellScript = "\"${PODS_ROOT}/Target Support Files/Pods-CountrySearch/Pods-CountrySearch-frameworks.sh\"\n";
			showEnvVarsInLog = 0;
		};
		A07B276F34DEADC6F3F10442 /* [CP] Check Pods Manifest.lock */ = {
			isa = PBXShellScriptBuildPhase;
			buildActionMask = 2147483647;
			files = (
			);
			inputFileListPaths = (
			);
			inputPaths = (
				"${PODS_PODFILE_DIR_PATH}/Podfile.lock",
				"${PODS_ROOT}/Manifest.lock",
			);
			name = "[CP] Check Pods Manifest.lock";
			outputFileListPaths = (
			);
			outputPaths = (
				"$(DERIVED_FILE_DIR)/Pods-CountrySearchTests-checkManifestLockResult.txt",
			);
			runOnlyForDeploymentPostprocessing = 0;
			shellPath = /bin/sh;
			shellScript = "diff \"${PODS_PODFILE_DIR_PATH}/Podfile.lock\" \"${PODS_ROOT}/Manifest.lock\" > /dev/null\nif [ $? != 0 ] ; then\n    # print error to STDERR\n    echo \"error: The sandbox is not in sync with the Podfile.lock. Run 'pod install' or update your CocoaPods installation.\" >&2\n    exit 1\nfi\n# This output is used by Xcode 'outputs' to avoid re-running this script phase.\necho \"SUCCESS\" > \"${SCRIPT_OUTPUT_FILE_0}\"\n";
			showEnvVarsInLog = 0;
		};
/* End PBXShellScriptBuildPhase section */

/* Begin PBXSourcesBuildPhase section */
		FABAE5E022915CD200D260F0 /* Sources */ = {
			isa = PBXSourcesBuildPhase;
			buildActionMask = 2147483647;
			files = (
				FABAE5FF2291625700D260F0 /* Currency.swift in Sources */,
				FABAE6012291625700D260F0 /* Language.swift in Sources */,
				FABAE5FB2291622300D260F0 /* Country.swift in Sources */,
				FABAE6002291625700D260F0 /* RegionalBloc.swift in Sources */,
				FABAE5E922915CD200D260F0 /* TodayViewController.swift in Sources */,
			);
			runOnlyForDeploymentPostprocessing = 0;
		};
		FAC275992286FE8B00DC1BFB /* Sources */ = {
			isa = PBXSourcesBuildPhase;
			buildActionMask = 2147483647;
			files = (
				FAC275E122870D7400DC1BFB /* JSONParameterEncoder.swift in Sources */,
				FAE7287322886E9500465E70 /* Dynamic.swift in Sources */,
				FAC275CE22870CBE00DC1BFB /* Country.swift in Sources */,
				FAC275E522870D7400DC1BFB /* HTTPMethod.swift in Sources */,
				FAC275CD22870CBE00DC1BFB /* Currency.swift in Sources */,
				FAC275DF22870D7400DC1BFB /* ParameterEncoding.swift in Sources */,
				FA21FE092290D1550004A64B /* CountryDetailViewModel.swift in Sources */,
				FAE7286E22885D0500465E70 /* CountrySearchVIewModel.swift in Sources */,
				FAC275E222870D7400DC1BFB /* NetworkManager.swift in Sources */,
				FAC275E422870D7400DC1BFB /* HTTPTask.swift in Sources */,
				FAC275E622870D7400DC1BFB /* Router.swift in Sources */,
				FAE728702288684D00465E70 /* CountryCellViewModel.swift in Sources */,
				FAC275E722870D7400DC1BFB /* NetworkLogger.swift in Sources */,
				FAC275A32286FE8B00DC1BFB /* CountrySearchViewController.swift in Sources */,
				FAC275E322870D7400DC1BFB /* RESTCountriesAPIEndPoint.swift in Sources */,
				FA21FE072290C4C00004A64B /* CountryDetailViewController.swift in Sources */,
				FAC275CB22870CBE00DC1BFB /* Language.swift in Sources */,
				FAC275A12286FE8B00DC1BFB /* AppDelegate.swift in Sources */,
				FAC275E822870D7400DC1BFB /* EndPointType.swift in Sources */,
				FA5AEF2F2290132C0094D869 /* LocationManager.swift in Sources */,
				FAC275CC22870CBE00DC1BFB /* RegionalBloc.swift in Sources */,
				FAC275E022870D7400DC1BFB /* URLParameterEncoding.swift in Sources */,
				FAC275C52287064500DC1BFB /* CountryViewCell.swift in Sources */,
			);
			runOnlyForDeploymentPostprocessing = 0;
		};
		FAC275AD2286FE8C00DC1BFB /* Sources */ = {
			isa = PBXSourcesBuildPhase;
			buildActionMask = 2147483647;
			files = (
				FAC275B62286FE8C00DC1BFB /* CountrySearchTests.swift in Sources */,
			);
			runOnlyForDeploymentPostprocessing = 0;
		};
/* End PBXSourcesBuildPhase section */

/* Begin PBXTargetDependency section */
		FABAE5EF22915CD200D260F0 /* PBXTargetDependency */ = {
			isa = PBXTargetDependency;
			target = FABAE5E322915CD200D260F0 /* CurrentCountry */;
			targetProxy = FABAE5EE22915CD200D260F0 /* PBXContainerItemProxy */;
		};
		FAC275B32286FE8C00DC1BFB /* PBXTargetDependency */ = {
			isa = PBXTargetDependency;
			target = FAC2759C2286FE8B00DC1BFB /* CountrySearch */;
			targetProxy = FAC275B22286FE8C00DC1BFB /* PBXContainerItemProxy */;
		};
/* End PBXTargetDependency section */

/* Begin PBXVariantGroup section */
		FABAE5EA22915CD200D260F0 /* MainInterface.storyboard */ = {
			isa = PBXVariantGroup;
			children = (
				FABAE5EB22915CD200D260F0 /* Base */,
			);
			name = MainInterface.storyboard;
			sourceTree = "<group>";
		};
		FAC275A42286FE8B00DC1BFB /* Main.storyboard */ = {
			isa = PBXVariantGroup;
			children = (
				FAC275A52286FE8B00DC1BFB /* Base */,
			);
			name = Main.storyboard;
			sourceTree = "<group>";
		};
		FAC275A92286FE8C00DC1BFB /* LaunchScreen.storyboard */ = {
			isa = PBXVariantGroup;
			children = (
				FAC275AA2286FE8C00DC1BFB /* Base */,
			);
			name = LaunchScreen.storyboard;
			sourceTree = "<group>";
		};
/* End PBXVariantGroup section */

/* Begin XCBuildConfiguration section */
		FABAE5F122915CD200D260F0 /* Debug */ = {
			isa = XCBuildConfiguration;
			buildSettings = {
				CODE_SIGN_ENTITLEMENTS = CurrentCountry/CurrentCountry.entitlements;
				CODE_SIGN_STYLE = Automatic;
				DEVELOPMENT_TEAM = 2ZSYU47EN5;
				INFOPLIST_FILE = CurrentCountry/Info.plist;
				LD_RUNPATH_SEARCH_PATHS = (
					"$(inherited)",
					"@executable_path/Frameworks",
					"@executable_path/../../Frameworks",
				);
				PRODUCT_BUNDLE_IDENTIFIER = com.hopa.CountrySearch.CurrentCountry;
				PRODUCT_NAME = "$(TARGET_NAME)";
				SKIP_INSTALL = YES;
				SWIFT_VERSION = 5.0;
				TARGETED_DEVICE_FAMILY = "1,2";
			};
			name = Debug;
		};
		FABAE5F222915CD200D260F0 /* Release */ = {
			isa = XCBuildConfiguration;
			buildSettings = {
				CODE_SIGN_ENTITLEMENTS = CurrentCountry/CurrentCountry.entitlements;
				CODE_SIGN_STYLE = Automatic;
				DEVELOPMENT_TEAM = 2ZSYU47EN5;
				INFOPLIST_FILE = CurrentCountry/Info.plist;
				LD_RUNPATH_SEARCH_PATHS = (
					"$(inherited)",
					"@executable_path/Frameworks",
					"@executable_path/../../Frameworks",
				);
				PRODUCT_BUNDLE_IDENTIFIER = com.hopa.CountrySearch.CurrentCountry;
				PRODUCT_NAME = "$(TARGET_NAME)";
				SKIP_INSTALL = YES;
				SWIFT_VERSION = 5.0;
				TARGETED_DEVICE_FAMILY = "1,2";
			};
			name = Release;
		};
		FAC275B82286FE8C00DC1BFB /* Debug */ = {
			isa = XCBuildConfiguration;
			buildSettings = {
				ALWAYS_SEARCH_USER_PATHS = NO;
				CLANG_ANALYZER_NONNULL = YES;
				CLANG_ANALYZER_NUMBER_OBJECT_CONVERSION = YES_AGGRESSIVE;
				CLANG_CXX_LANGUAGE_STANDARD = "gnu++14";
				CLANG_CXX_LIBRARY = "libc++";
				CLANG_ENABLE_MODULES = YES;
				CLANG_ENABLE_OBJC_ARC = YES;
				CLANG_ENABLE_OBJC_WEAK = YES;
				CLANG_WARN_BLOCK_CAPTURE_AUTORELEASING = YES;
				CLANG_WARN_BOOL_CONVERSION = YES;
				CLANG_WARN_COMMA = YES;
				CLANG_WARN_CONSTANT_CONVERSION = YES;
				CLANG_WARN_DEPRECATED_OBJC_IMPLEMENTATIONS = YES;
				CLANG_WARN_DIRECT_OBJC_ISA_USAGE = YES_ERROR;
				CLANG_WARN_DOCUMENTATION_COMMENTS = YES;
				CLANG_WARN_EMPTY_BODY = YES;
				CLANG_WARN_ENUM_CONVERSION = YES;
				CLANG_WARN_INFINITE_RECURSION = YES;
				CLANG_WARN_INT_CONVERSION = YES;
				CLANG_WARN_NON_LITERAL_NULL_CONVERSION = YES;
				CLANG_WARN_OBJC_IMPLICIT_RETAIN_SELF = YES;
				CLANG_WARN_OBJC_LITERAL_CONVERSION = YES;
				CLANG_WARN_OBJC_ROOT_CLASS = YES_ERROR;
				CLANG_WARN_RANGE_LOOP_ANALYSIS = YES;
				CLANG_WARN_STRICT_PROTOTYPES = YES;
				CLANG_WARN_SUSPICIOUS_MOVE = YES;
				CLANG_WARN_UNGUARDED_AVAILABILITY = YES_AGGRESSIVE;
				CLANG_WARN_UNREACHABLE_CODE = YES;
				CLANG_WARN__DUPLICATE_METHOD_MATCH = YES;
				CODE_SIGN_IDENTITY = "iPhone Developer";
				COPY_PHASE_STRIP = NO;
				DEBUG_INFORMATION_FORMAT = dwarf;
				ENABLE_STRICT_OBJC_MSGSEND = YES;
				ENABLE_TESTABILITY = YES;
				GCC_C_LANGUAGE_STANDARD = gnu11;
				GCC_DYNAMIC_NO_PIC = NO;
				GCC_NO_COMMON_BLOCKS = YES;
				GCC_OPTIMIZATION_LEVEL = 0;
				GCC_PREPROCESSOR_DEFINITIONS = (
					"DEBUG=1",
					"$(inherited)",
				);
				GCC_WARN_64_TO_32_BIT_CONVERSION = YES;
				GCC_WARN_ABOUT_RETURN_TYPE = YES_ERROR;
				GCC_WARN_UNDECLARED_SELECTOR = YES;
				GCC_WARN_UNINITIALIZED_AUTOS = YES_AGGRESSIVE;
				GCC_WARN_UNUSED_FUNCTION = YES;
				GCC_WARN_UNUSED_VARIABLE = YES;
				IPHONEOS_DEPLOYMENT_TARGET = 12.2;
				MTL_ENABLE_DEBUG_INFO = INCLUDE_SOURCE;
				MTL_FAST_MATH = YES;
				ONLY_ACTIVE_ARCH = YES;
				SDKROOT = iphoneos;
				SWIFT_ACTIVE_COMPILATION_CONDITIONS = DEBUG;
				SWIFT_OPTIMIZATION_LEVEL = "-Onone";
			};
			name = Debug;
		};
		FAC275B92286FE8C00DC1BFB /* Release */ = {
			isa = XCBuildConfiguration;
			buildSettings = {
				ALWAYS_SEARCH_USER_PATHS = NO;
				CLANG_ANALYZER_NONNULL = YES;
				CLANG_ANALYZER_NUMBER_OBJECT_CONVERSION = YES_AGGRESSIVE;
				CLANG_CXX_LANGUAGE_STANDARD = "gnu++14";
				CLANG_CXX_LIBRARY = "libc++";
				CLANG_ENABLE_MODULES = YES;
				CLANG_ENABLE_OBJC_ARC = YES;
				CLANG_ENABLE_OBJC_WEAK = YES;
				CLANG_WARN_BLOCK_CAPTURE_AUTORELEASING = YES;
				CLANG_WARN_BOOL_CONVERSION = YES;
				CLANG_WARN_COMMA = YES;
				CLANG_WARN_CONSTANT_CONVERSION = YES;
				CLANG_WARN_DEPRECATED_OBJC_IMPLEMENTATIONS = YES;
				CLANG_WARN_DIRECT_OBJC_ISA_USAGE = YES_ERROR;
				CLANG_WARN_DOCUMENTATION_COMMENTS = YES;
				CLANG_WARN_EMPTY_BODY = YES;
				CLANG_WARN_ENUM_CONVERSION = YES;
				CLANG_WARN_INFINITE_RECURSION = YES;
				CLANG_WARN_INT_CONVERSION = YES;
				CLANG_WARN_NON_LITERAL_NULL_CONVERSION = YES;
				CLANG_WARN_OBJC_IMPLICIT_RETAIN_SELF = YES;
				CLANG_WARN_OBJC_LITERAL_CONVERSION = YES;
				CLANG_WARN_OBJC_ROOT_CLASS = YES_ERROR;
				CLANG_WARN_RANGE_LOOP_ANALYSIS = YES;
				CLANG_WARN_STRICT_PROTOTYPES = YES;
				CLANG_WARN_SUSPICIOUS_MOVE = YES;
				CLANG_WARN_UNGUARDED_AVAILABILITY = YES_AGGRESSIVE;
				CLANG_WARN_UNREACHABLE_CODE = YES;
				CLANG_WARN__DUPLICATE_METHOD_MATCH = YES;
				CODE_SIGN_IDENTITY = "iPhone Developer";
				COPY_PHASE_STRIP = NO;
				DEBUG_INFORMATION_FORMAT = "dwarf-with-dsym";
				ENABLE_NS_ASSERTIONS = NO;
				ENABLE_STRICT_OBJC_MSGSEND = YES;
				GCC_C_LANGUAGE_STANDARD = gnu11;
				GCC_NO_COMMON_BLOCKS = YES;
				GCC_WARN_64_TO_32_BIT_CONVERSION = YES;
				GCC_WARN_ABOUT_RETURN_TYPE = YES_ERROR;
				GCC_WARN_UNDECLARED_SELECTOR = YES;
				GCC_WARN_UNINITIALIZED_AUTOS = YES_AGGRESSIVE;
				GCC_WARN_UNUSED_FUNCTION = YES;
				GCC_WARN_UNUSED_VARIABLE = YES;
				IPHONEOS_DEPLOYMENT_TARGET = 12.2;
				MTL_ENABLE_DEBUG_INFO = NO;
				MTL_FAST_MATH = YES;
				SDKROOT = iphoneos;
				SWIFT_COMPILATION_MODE = wholemodule;
				SWIFT_OPTIMIZATION_LEVEL = "-O";
				VALIDATE_PRODUCT = YES;
			};
			name = Release;
		};
		FAC275BB2286FE8C00DC1BFB /* Debug */ = {
			isa = XCBuildConfiguration;
			baseConfigurationReference = BB10A2E61B91511C70CF6D87 /* Pods-CountrySearch.debug.xcconfig */;
			buildSettings = {
				ALWAYS_EMBED_SWIFT_STANDARD_LIBRARIES = YES;
				ASSETCATALOG_COMPILER_APPICON_NAME = AppIcon;
				CODE_SIGN_ENTITLEMENTS = CountrySearch/CountrySearch.entitlements;
				CODE_SIGN_STYLE = Automatic;
				DEVELOPMENT_TEAM = 2ZSYU47EN5;
				INFOPLIST_FILE = CountrySearch/Info.plist;
				LD_RUNPATH_SEARCH_PATHS = (
					"$(inherited)",
					"@executable_path/Frameworks",
				);
				PRODUCT_BUNDLE_IDENTIFIER = com.hopa.CountrySearch;
				PRODUCT_NAME = "$(TARGET_NAME)";
				SWIFT_VERSION = 5.0;
				TARGETED_DEVICE_FAMILY = "1,2";
			};
			name = Debug;
		};
		FAC275BC2286FE8C00DC1BFB /* Release */ = {
			isa = XCBuildConfiguration;
			baseConfigurationReference = A84C855F2CF9223A524D45EA /* Pods-CountrySearch.release.xcconfig */;
			buildSettings = {
				ALWAYS_EMBED_SWIFT_STANDARD_LIBRARIES = YES;
				ASSETCATALOG_COMPILER_APPICON_NAME = AppIcon;
				CODE_SIGN_ENTITLEMENTS = CountrySearch/CountrySearch.entitlements;
				CODE_SIGN_STYLE = Automatic;
				DEVELOPMENT_TEAM = 2ZSYU47EN5;
				INFOPLIST_FILE = CountrySearch/Info.plist;
				LD_RUNPATH_SEARCH_PATHS = (
					"$(inherited)",
					"@executable_path/Frameworks",
				);
				PRODUCT_BUNDLE_IDENTIFIER = com.hopa.CountrySearch;
				PRODUCT_NAME = "$(TARGET_NAME)";
				SWIFT_VERSION = 5.0;
				TARGETED_DEVICE_FAMILY = "1,2";
			};
			name = Release;
		};
		FAC275BE2286FE8C00DC1BFB /* Debug */ = {
			isa = XCBuildConfiguration;
			baseConfigurationReference = C7FA930DB3F0C09D948814E5 /* Pods-CountrySearchTests.debug.xcconfig */;
			buildSettings = {
				ALWAYS_EMBED_SWIFT_STANDARD_LIBRARIES = YES;
				BUNDLE_LOADER = "$(TEST_HOST)";
				CODE_SIGN_STYLE = Automatic;
				DEVELOPMENT_TEAM = 2ZSYU47EN5;
				INFOPLIST_FILE = CountrySearchTests/Info.plist;
				LD_RUNPATH_SEARCH_PATHS = (
					"$(inherited)",
					"@executable_path/Frameworks",
					"@loader_path/Frameworks",
				);
				PRODUCT_BUNDLE_IDENTIFIER = com.hopa.CountrySearchTests;
				PRODUCT_NAME = "$(TARGET_NAME)";
				SWIFT_VERSION = 5.0;
				TARGETED_DEVICE_FAMILY = "1,2";
				TEST_HOST = "$(BUILT_PRODUCTS_DIR)/CountrySearch.app/CountrySearch";
			};
			name = Debug;
		};
		FAC275BF2286FE8C00DC1BFB /* Release */ = {
			isa = XCBuildConfiguration;
			baseConfigurationReference = 4E674EE2BC2CE9099A98A798 /* Pods-CountrySearchTests.release.xcconfig */;
			buildSettings = {
				ALWAYS_EMBED_SWIFT_STANDARD_LIBRARIES = YES;
				BUNDLE_LOADER = "$(TEST_HOST)";
				CODE_SIGN_STYLE = Automatic;
				DEVELOPMENT_TEAM = 2ZSYU47EN5;
				INFOPLIST_FILE = CountrySearchTests/Info.plist;
				LD_RUNPATH_SEARCH_PATHS = (
					"$(inherited)",
					"@executable_path/Frameworks",
					"@loader_path/Frameworks",
				);
				PRODUCT_BUNDLE_IDENTIFIER = com.hopa.CountrySearchTests;
				PRODUCT_NAME = "$(TARGET_NAME)";
				SWIFT_VERSION = 5.0;
				TARGETED_DEVICE_FAMILY = "1,2";
				TEST_HOST = "$(BUILT_PRODUCTS_DIR)/CountrySearch.app/CountrySearch";
			};
			name = Release;
		};
/* End XCBuildConfiguration section */

/* Begin XCConfigurationList section */
		FABAE5F322915CD200D260F0 /* Build configuration list for PBXNativeTarget "CurrentCountry" */ = {
			isa = XCConfigurationList;
			buildConfigurations = (
				FABAE5F122915CD200D260F0 /* Debug */,
				FABAE5F222915CD200D260F0 /* Release */,
			);
			defaultConfigurationIsVisible = 0;
			defaultConfigurationName = Release;
		};
		FAC275982286FE8B00DC1BFB /* Build configuration list for PBXProject "CountrySearch" */ = {
			isa = XCConfigurationList;
			buildConfigurations = (
				FAC275B82286FE8C00DC1BFB /* Debug */,
				FAC275B92286FE8C00DC1BFB /* Release */,
			);
			defaultConfigurationIsVisible = 0;
			defaultConfigurationName = Release;
		};
		FAC275BA2286FE8C00DC1BFB /* Build configuration list for PBXNativeTarget "CountrySearch" */ = {
			isa = XCConfigurationList;
			buildConfigurations = (
				FAC275BB2286FE8C00DC1BFB /* Debug */,
				FAC275BC2286FE8C00DC1BFB /* Release */,
			);
			defaultConfigurationIsVisible = 0;
			defaultConfigurationName = Release;
		};
		FAC275BD2286FE8C00DC1BFB /* Build configuration list for PBXNativeTarget "CountrySearchTests" */ = {
			isa = XCConfigurationList;
			buildConfigurations = (
				FAC275BE2286FE8C00DC1BFB /* Debug */,
				FAC275BF2286FE8C00DC1BFB /* Release */,
			);
			defaultConfigurationIsVisible = 0;
			defaultConfigurationName = Release;
		};
/* End XCConfigurationList section */
	};
	rootObject = FAC275952286FE8B00DC1BFB /* Project object */;
}
